%{
  "castore": {:hex, :castore, "1.0.4", "ff4d0fb2e6411c0479b1d965a814ea6d00e51eb2f58697446e9c41a97d940b28", [:mix], [], "hexpm", "9418c1b8144e11656f0be99943db4caf04612e3eaecefb5dae9a2a87565584f8"},
  "jason": {:hex, :jason, "1.4.1", "af1504e35f629ddcdd6addb3513c3853991f694921b1b9368b0bd32beb9f1b63", [:mix], [{:decimal, "~> 1.0 or ~> 2.0", [hex: :decimal, repo: "hexpm", optional: true]}], "hexpm", "fbb01ecdfd565b56261302f7e1fcc27c4fb8f32d56eab74db621fc154604a7a1"},
  "rustler": {:hex, :rustler, "0.28.0", "b8e2c43013e12dd06f61dcf87033d2e2c8245feddb121b82179c923be31ad319", [:mix], [{:jason, "~> 1.0", [hex: :jason, repo: "hexpm", optional: false]}, {:toml, "~> 0.6", [hex: :toml, repo: "hexpm", optional: false]}], "hexpm", "99f811f58c993f0343851adb0af589a99cfd3dc20f2efb8ef08d1a8447980b98"},
  "rustler_precompiled": {:hex, :rustler_precompiled, "0.6.3", "f838d94bc35e1844973ee7266127b156fdc962e9e8b7ff666c8fb4fed7964d23", [:mix], [{:castore, "~> 0.1 or ~> 1.0", [hex: :castore, repo: "hexpm", optional: false]}, {:rustler, "~> 0.23", [hex: :rustler, repo: "hexpm", optional: true]}], "hexpm", "e18ecca3669a7454b3a2be75ae6c3ef01d550bc9a8cf5fbddcfff843b881d7c6"},
  "toml": {:hex, :toml, "0.7.0", "fbcd773caa937d0c7a02c301a1feea25612720ac3fa1ccb8bfd9d30d822911de", [:mix], [], "hexpm", "0690246a2478c1defd100b0c9b89b4ea280a22be9a7b313a8a058a2408a2fa70"},
  "wasmex": {:hex, :wasmex, "0.8.3", "aa1f8895e8ff24180ed2262493bda020858fc153910205d3b4d18fa569fd5fc0", [:mix], [{:rustler, "~> 0.28.0", [hex: :rustler, repo: "hexpm", optional: false]}, {:rustler_precompiled, "~> 0.6.1", [hex: :rustler_precompiled, repo: "hexpm", optional: false]}], "hexpm", "19405d3928813874b562a94b71114faeac46bb5cddb46672017aad496a38c7f4"},
}
